
Microsoft Visual Studio Solution File, Format Version 12.00
# Visual Studio 15
VisualStudioVersion = 15.0.28307.1972
MinimumVisualStudioVersion = 10.0.40219.1
Project("{F184B08F-C81C-45F6-A57F-5ABD9991F28F}") = "Item Manage", "password pal\Item Manage.vbproj", "{B96D0656-D9F5-4D8E-B26C-FEF1ECF41362}"
EndProject
Global
	GlobalSection(SolutionConfigurationPlatforms) = preSolution
		Debug|Any CPU = Debug|Any CPU
		Debug|x64 = Debug|x64
		Release|Any CPU = Release|Any CPU
		Release|x64 = Release|x64
	EndGlobalSection
	GlobalSection(ProjectConfigurationPlatforms) = postSolution
		{B96D0656-D9F5-4D8E-B26C-FEF1ECF41362}.Debug|Any CPU.ActiveCfg = Debug|Any CPU
		{B96D0656-D9F5-4D8E-B26C-FEF1ECF41362}.Debug|Any CPU.Build.0 = Debug|Any CPU
		{B96D0656-D9F5-4D8E-B26C-FEF1ECF41362}.Debug|x64.ActiveCfg = Debug|x64
		{B96D0656-D9F5-4D8E-B26C-FEF1ECF41362}.Debug|x64.Build.0 = Debug|x64
		{B96D0656-D9F5-4D8E-B26C-FEF1ECF41362}.Release|Any CPU.ActiveCfg = Release|Any CPU
		{B96D0656-D9F5-4D8E-B26C-FEF1ECF41362}.Release|Any CPU.Build.0 = Release|Any CPU
		{B96D0656-D9F5-4D8E-B26C-FEF1ECF41362}.Release|x64.ActiveCfg = Release|x64
		{B96D0656-D9F5-4D8E-B26C-FEF1ECF41362}.Release|x64.Build.0 = Release|x64
	EndGlobalSection
	GlobalSection(SolutionProperties) = preSolution
		HideSolutionNode = FALSE
	EndGlobalSection
	GlobalSection(ExtensibilityGlobals) = postSolution
		SolutionGuid = {222A37B6-4A25-47CC-AFFC-8493A11F9CA8}
	EndGlobalSection
EndGlobal
